
Microsoft Visual Studio Solution File, Format Version 12.00
# Visual Studio Version 17
VisualStudioVersion = 17.0.31912.275
MinimumVisualStudioVersion = 10.0.40219.1
Project("{9A19103F-16F7-4668-BE54-9A1E7A4F7556}") = "University", "UniversityCRUD\University.csproj", "{54480CE8-1770-412E-B933-E0AD48ED4E93}"
EndProject
Project("{9A19103F-16F7-4668-BE54-9A1E7A4F7556}") = "University.Persistence", "Persistence\University.Persistence.csproj", "{9BC15CF0-5A3A-4073-A00A-1C93B1764EBC}"
EndProject
Global
	GlobalSection(SolutionConfigurationPlatforms) = preSolution
		Debug|Any CPU = Debug|Any CPU
		Release|Any CPU = Release|Any CPU
	EndGlobalSection
	GlobalSection(ProjectConfigurationPlatforms) = postSolution
		{54480CE8-1770-412E-B933-E0AD48ED4E93}.Debug|Any CPU.ActiveCfg = Debug|Any CPU
		{54480CE8-1770-412E-B933-E0AD48ED4E93}.Debug|Any CPU.Build.0 = Debug|Any CPU
		{54480CE8-1770-412E-B933-E0AD48ED4E93}.Release|Any CPU.ActiveCfg = Release|Any CPU
		{54480CE8-1770-412E-B933-E0AD48ED4E93}.Release|Any CPU.Build.0 = Release|Any CPU
		{9BC15CF0-5A3A-4073-A00A-1C93B1764EBC}.Debug|Any CPU.ActiveCfg = Debug|Any CPU
		{9BC15CF0-5A3A-4073-A00A-1C93B1764EBC}.Debug|Any CPU.Build.0 = Debug|Any CPU
		{9BC15CF0-5A3A-4073-A00A-1C93B1764EBC}.Release|Any CPU.ActiveCfg = Release|Any CPU
		{9BC15CF0-5A3A-4073-A00A-1C93B1764EBC}.Release|Any CPU.Build.0 = Release|Any CPU
	EndGlobalSection
	GlobalSection(SolutionProperties) = preSolution
		HideSolutionNode = FALSE
	EndGlobalSection
	GlobalSection(ExtensibilityGlobals) = postSolution
		SolutionGuid = {E99E75EC-CC5D-4A09-8092-457874B2178A}
	EndGlobalSection
EndGlobal
